<?xml version="1.0" encoding="utf-8"?>
<Project ToolsVersion="4.0" xmlns="http://schemas.microsoft.com/developer/msbuild/2003">
  <ItemGroup>
    <Filter Include="Quelldateien">
      <UniqueIdentifier>{4FC737F1-C7A5-4376-A066-2A32D752A2FF}</UniqueIdentifier>
      <Extensions>cpp;c;cc;cxx;c++;cppm;ixx;def;odl;idl;hpj;bat;asm;asmx</Extensions>
    </Filter>
    <Filter Include="Headerdateien">
      <UniqueIdentifier>{93995380-89BD-4b04-88EB-625FBE52EBFB}</UniqueIdentifier>
      <Extensions>h;hh;hpp;hxx;h++;hm;inl;inc;ipp;xsd</Extensions>
    </Filter>
    <Filter Include="Ressourcendateien">
      <UniqueIdentifier>{67DA6AB6-F800-4c08-8B7A-83BB121AAD01}</UniqueIdentifier>
      <Extensions>rc;ico;cur;bmp;dlg;rc2;rct;bin;rgs;gif;jpg;jpeg;jpe;resx;tiff;tif;png;wav;mfcribbon-ms</Extensions>
    </Filter>
  </ItemGroup>
  <ItemGroup>
    <ClCompile Include="src\main.cpp">
      <Filter>Quelldateien</Filter>
    </ClCompile>
    <ClCompile Include="src\Application\Game.cpp">
      <Filter>Quelldateien</Filter>
    </ClCompile>
    <ClCompile Include="src\Application\Scene.cpp">
      <Filter>Quelldateien</Filter>
    </ClCompile>
    <ClCompile Include="src\EntityComponentSystem\Bullet.cpp">
      <Filter>Quelldateien</Filter>
    </ClCompile>
    <ClCompile Include="src\EntityComponentSystem\Camera.cpp">
      <Filter>Quelldateien</Filter>
    </ClCompile>
    <ClCompile Include="src\EntityComponentSystem\GameObject.cpp">
      <Filter>Quelldateien</Filter>
    </ClCompile>
    <ClCompile Include="src\EntityComponentSystem\Gun.cpp">
      <Filter>Quelldateien</Filter>
    </ClCompile>
    <ClCompile Include="src\EntityComponentSystem\HealthObject.cpp">
      <Filter>Quelldateien</Filter>
    </ClCompile>
    <ClCompile Include="src\EntityComponentSystem\Player.cpp">
      <Filter>Quelldateien</Filter>
    </ClCompile>
    <ClCompile Include="src\Input\Input.cpp">
      <Filter>Quelldateien</Filter>
    </ClCompile>
    <ClCompile Include="src\Physics\Collider.cpp">
      <Filter>Quelldateien</Filter>
    </ClCompile>
    <ClCompile Include="src\Physics\PhysicsBody.cpp">
      <Filter>Quelldateien</Filter>
    </ClCompile>
    <ClCompile Include="src\Physics\PhysicsSystem.cpp">
      <Filter>Quelldateien</Filter>
    </ClCompile>
    <ClCompile Include="src\Platform\Window.cpp">
      <Filter>Quelldateien</Filter>
    </ClCompile>
    <ClCompile Include="src\Renderer\BloomEffect.cpp">
      <Filter>Quelldateien</Filter>
    </ClCompile>
    <ClCompile Include="src\Renderer\Graphics.cpp">
      <Filter>Quelldateien</Filter>
    </ClCompile>
    <ClCompile Include="src\Renderer\Material.cpp">
      <Filter>Quelldateien</Filter>
    </ClCompile>
    <ClCompile Include="src\Renderer\Mesh.cpp">
      <Filter>Quelldateien</Filter>
    </ClCompile>
    <ClCompile Include="src\Renderer\PostProcess.cpp">
      <Filter>Quelldateien</Filter>
    </ClCompile>
    <ClCompile Include="src\Renderer\Renderer.cpp">
      <Filter>Quelldateien</Filter>
    </ClCompile>
    <ClCompile Include="src\Renderer\Skybox.cpp">
      <Filter>Quelldateien</Filter>
    </ClCompile>
    <ClCompile Include="src\ResourceManagement\AssetManager.cpp">
      <Filter>Quelldateien</Filter>
    </ClCompile>
    <ClCompile Include="src\ResourceManagement\FontLoader.cpp">
      <Filter>Quelldateien</Filter>
    </ClCompile>
    <ClCompile Include="src\ResourceManagement\ModelLoader.cpp">
      <Filter>Quelldateien</Filter>
    </ClCompile>
    <ClCompile Include="src\ResourceManagement\Shader.cpp">
      <Filter>Quelldateien</Filter>
    </ClCompile>
    <ClCompile Include="src\ResourceManagement\TextureLoader.cpp">
      <Filter>Quelldateien</Filter>
    </ClCompile>
    <ClCompile Include="src\UI\Crosshair.cpp">
      <Filter>Quelldateien</Filter>
    </ClCompile>
    <ClCompile Include="src\UI\SimpleFont.cpp">
      <Filter>Quelldateien</Filter>
    </ClCompile>
    <ClCompile Include="src\UI\UIRenderer.cpp">
      <Filter>Quelldateien</Filter>
    </ClCompile>
    <ClCompile Include="src\Utils\Logger.cpp">
      <Filter>Quelldateien</Filter>
    </ClCompile>
    <ClCompile Include="src\Utils\Transform.cpp">
      <Filter>Quelldateien</Filter>
    </ClCompile>
    <ClCompile Include="src\UI\DebugUIRenderer.cpp">
      <Filter>Quelldateien</Filter>
    </ClCompile>
    <ClCompile Include="src\ResourceManagement\SceneLoader.cpp">
      <Filter>Quelldateien</Filter>
    </ClCompile>
    <ClCompile Include="src\ResourceManagement\JsonParser.cpp">
      <Filter>Quelldateien</Filter>
    </ClCompile>
    <ClCompile Include="src\Renderer\Camera.cpp">
      <Filter>Quelldateien</Filter>
    </ClCompile>
    <ClCompile Include="src\ECS\Systems\WeaponSystem.cpp">
      <Filter>Quelldateien</Filter>
    </ClCompile>
    <ClCompile Include="src\ECS\Systems\ProjectileSystem.cpp">
      <Filter>Quelldateien</Filter>
    </ClCompile>
    <ClCompile Include="src\ECS\Systems\PlayerMovementSystem.cpp">
      <Filter>Quelldateien</Filter>
    </ClCompile>
    <ClCompile Include="src\ECS\Systems\HealthSystem.cpp">
      <Filter>Quelldateien</Filter>
    </ClCompile>
    <ClCompile Include="src\ECS\Systems\ECSRenderSystem.cpp">
      <Filter>Quelldateien</Filter>
    </ClCompile>
    <ClCompile Include="src\ECS\Systems\ECSPhysicsSystem.cpp">
      <Filter>Quelldateien</Filter>
    </ClCompile>
    <ClCompile Include="src\ECS\Systems\ECSMovementSystem.cpp">
      <Filter>Quelldateien</Filter>
    </ClCompile>
    <ClCompile Include="src\ECS\Systems\CameraSystem.cpp">
      <Filter>Quelldateien</Filter>
    </ClCompile>
  </ItemGroup>
  <ItemGroup>
    <ClInclude Include="include\Application\Game.h">
      <Filter>Headerdateien</Filter>
    </ClInclude>
    <ClInclude Include="include\Application\Scene.h">
      <Filter>Headerdateien</Filter>
    </ClInclude>
    <ClInclude Include="include\EntityComponentSystem\Bullet.h">
      <Filter>Headerdateien</Filter>
    </ClInclude>
    <ClInclude Include="include\EntityComponentSystem\Camera.h">
      <Filter>Headerdateien</Filter>
    </ClInclude>
    <ClInclude Include="include\EntityComponentSystem\GameObject.h">
      <Filter>Headerdateien</Filter>
    </ClInclude>
    <ClInclude Include="include\EntityComponentSystem\Gun.h">
      <Filter>Headerdateien</Filter>
    </ClInclude>
    <ClInclude Include="include\EntityComponentSystem\HealthObject.h">
      <Filter>Headerdateien</Filter>
    </ClInclude>
    <ClInclude Include="include\EntityComponentSystem\Player.h">
      <Filter>Headerdateien</Filter>
    </ClInclude>
    <ClInclude Include="include\Input\Input.h">
      <Filter>Headerdateien</Filter>
    </ClInclude>
    <ClInclude Include="include\Physics\Collider.h">
      <Filter>Headerdateien</Filter>
    </ClInclude>
    <ClInclude Include="include\Physics\Collision.h">
      <Filter>Headerdateien</Filter>
    </ClInclude>
    <ClInclude Include="include\Physics\PhysicsBody.h">
      <Filter>Headerdateien</Filter>
    </ClInclude>
    <ClInclude Include="include\Physics\PhysicsConstants.h">
      <Filter>Headerdateien</Filter>
    </ClInclude>
    <ClInclude Include="include\Physics\PhysicsSystem.h">
      <Filter>Headerdateien</Filter>
    </ClInclude>
    <ClInclude Include="include\Platform\Window.h">
      <Filter>Headerdateien</Filter>
    </ClInclude>
    <ClInclude Include="include\Renderer\BloomEffect.h">
      <Filter>Headerdateien</Filter>
    </ClInclude>
    <ClInclude Include="include\Renderer\Graphics.h">
      <Filter>Headerdateien</Filter>
    </ClInclude>
    <ClInclude Include="include\Renderer\Material.h">
      <Filter>Headerdateien</Filter>
    </ClInclude>
    <ClInclude Include="include\Renderer\Mesh.h">
      <Filter>Headerdateien</Filter>
    </ClInclude>
    <ClInclude Include="include\Renderer\MeshUtils.h">
      <Filter>Headerdateien</Filter>
    </ClInclude>
    <ClInclude Include="include\Renderer\PostProcess.h">
      <Filter>Headerdateien</Filter>
    </ClInclude>
    <ClInclude Include="include\Renderer\Renderer.h">
      <Filter>Headerdateien</Filter>
    </ClInclude>
    <ClInclude Include="include\Renderer\RenderingConstants.h">
      <Filter>Headerdateien</Filter>
    </ClInclude>
    <ClInclude Include="include\Renderer\Skybox.h">
      <Filter>Headerdateien</Filter>
    </ClInclude>
    <ClInclude Include="include\ResourceManagement\AssetManager.h">
      <Filter>Headerdateien</Filter>
    </ClInclude>
    <ClInclude Include="include\ResourceManagement\FontLoader.h">
      <Filter>Headerdateien</Filter>
    </ClInclude>
    <ClInclude Include="include\ResourceManagement\ModelLoader.h">
      <Filter>Headerdateien</Filter>
    </ClInclude>
    <ClInclude Include="include\ResourceManagement\Shader.h">
      <Filter>Headerdateien</Filter>
    </ClInclude>
    <ClInclude Include="include\ResourceManagement\TextureLoader.h">
      <Filter>Headerdateien</Filter>
    </ClInclude>
    <ClInclude Include="include\UI\Crosshair.h">
      <Filter>Headerdateien</Filter>
    </ClInclude>
    <ClInclude Include="include\UI\SimpleFont.h">
      <Filter>Headerdateien</Filter>
    </ClInclude>
    <ClInclude Include="include\UI\UIRenderer.h">
      <Filter>Headerdateien</Filter>
    </ClInclude>
    <ClInclude Include="include\Utils\EnginePCH.h">
      <Filter>Headerdateien</Filter>
    </ClInclude>
    <ClInclude Include="include\Utils\Logger.h">
      <Filter>Headerdateien</Filter>
    </ClInclude>
    <ClInclude Include="include\Utils\Transform.h">
      <Filter>Headerdateien</Filter>
    </ClInclude>
    <ClInclude Include="include\UI\DebugUIRenderer.h">
      <Filter>Headerdateien</Filter>
    </ClInclude>
    <ClInclude Include="include\ResourceManagement\SceneLoader.h">
      <Filter>Headerdateien</Filter>
    </ClInclude>
    <ClInclude Include="include\ResourceManagement\JsonParser.h">
      <Filter>Headerdateien</Filter>
    </ClInclude>
    <ClInclude Include="include\Renderer\Camera.h">
      <Filter>Headerdateien</Filter>
    </ClInclude>
    <ClInclude Include="include\ECS\SystemManager.h">
      <Filter>Headerdateien</Filter>
    </ClInclude>
    <ClInclude Include="include\ECS\System.h">
      <Filter>Headerdateien</Filter>
    </ClInclude>
    <ClInclude Include="include\ECS\Entity.h">
      <Filter>Headerdateien</Filter>
    </ClInclude>
    <ClInclude Include="include\ECS\Components.h">
      <Filter>Headerdateien</Filter>
    </ClInclude>
    <ClInclude Include="include\ECS\ComponentManager.h">
      <Filter>Headerdateien</Filter>
    </ClInclude>
    <ClInclude Include="include\ECS\Systems\WeaponSystem.h">
      <Filter>Headerdateien</Filter>
    </ClInclude>
    <ClInclude Include="include\ECS\Systems\ProjectileSystem.h">
      <Filter>Headerdateien</Filter>
    </ClInclude>
    <ClInclude Include="include\ECS\Systems\PlayerMovementSystem.h">
      <Filter>Headerdateien</Filter>
    </ClInclude>
    <ClInclude Include="include\ECS\Systems\HealthSystem.h">
      <Filter>Headerdateien</Filter>
    </ClInclude>
    <ClInclude Include="include\ECS\Systems\ECSRenderSystem.h">
      <Filter>Headerdateien</Filter>
    </ClInclude>
    <ClInclude Include="include\ECS\Systems\ECSPhysicsSystem.h">
      <Filter>Headerdateien</Filter>
    </ClInclude>
    <ClInclude Include="include\ECS\Systems\ECSMovementSystem.h">
      <Filter>Headerdateien</Filter>
    </ClInclude>
    <ClInclude Include="include\ECS\Systems\CameraSystem.h">
      <Filter>Headerdateien</Filter>
    </ClInclude>
    <ClInclude Include="include\Config\GameConfig.h">
      <Filter>Headerdateien</Filter>
    </ClInclude>
  </ItemGroup>
  <ItemGroup>
    <None Include="Assets\Models\interieur.obj" />
    <None Include="Assets\Models\windmill.obj" />
    <None Include="Assets\Models\city.obj" />
    <None Include="Assets\Models\basic\cube.mtl" />
    <None Include="Assets\Models\basic\cube.obj" />
    <None Include="Assets\Models\basic\cone.mtl" />
    <None Include="Assets\Models\basic\cylinder.mtl" />
    <None Include="Assets\Models\basic\sphere.mtl" />
    <None Include="Assets\Models\basic\torus.mtl" />
    <None Include="Assets\Models\basic\torus.obj" />
    <None Include="Assets\Models\basic\sphere.obj" />
    <None Include="Assets\Models\basic\cylinder.obj" />
    <None Include="Assets\Models\basic\cone.obj" />
    <None Include="Assets\Shaders\Shadow.hlsl" />
    <None Include="Assets\Shaders\Standard.hlsl" />
    <None Include="Assets\Shaders\Skybox.hlsl" />
    <None Include="Assets\Shaders\PostProcess.hlsl" />
    <None Include="Assets\Shaders\UIPixelShader.hlsl" />
    <None Include="Assets\Shaders\UIVertexShader.hlsl" />
    <None Include="Assets\Shaders\Debug.hlsl" />
    <None Include="Assets\Models\monkey.mtl" />
    <None Include="Assets\Models\basic\ball.mtl" />
    <None Include="Assets\Models\basic\capsule.mtl" />
    <None Include="Assets\Models\basic\ball.obj" />
    <None Include="Assets\Models\basic\capsule.obj" />
    <None Include="Assets\Models\monkey.obj" />
    <None Include="Assets\Shaders\GaussianBlur.hlsl" />
    <None Include="Assets\Shaders\BrightPass.hlsl" />
    <None Include="Assets\Models\room.mtl" />
    <None Include="Assets\Models\room.obj" />
  </ItemGroup>
  <ItemGroup>
    <Image Include="Assets\Textures\blue_metal_plate_diff_4k.jpg">
      <Filter>Ressourcendateien</Filter>
    </Image>
    <Image Include="Assets\Textures\blue_metal_plate_disp_4k.png">
      <Filter>Ressourcendateien</Filter>
    </Image>
    <Image Include="Assets\Textures\pine_bark_diff_4k.jpg">
      <Filter>Ressourcendateien</Filter>
    </Image>
    <Image Include="Assets\Textures\pine_bark_disp_4k.png">
      <Filter>Ressourcendateien</Filter>
    </Image>
    <Image Include="Assets\Textures\snow_02_diff_4k.jpg">
      <Filter>Ressourcendateien</Filter>
    </Image>
    <Image Include="Assets\Textures\snow_02_disp_4k.png">
      <Filter>Ressourcendateien</Filter>
    </Image>
    <Image Include="Assets\Textures\snow_02_rough_4k.jpg">
      <Filter>Ressourcendateien</Filter>
    </Image>
    <Image Include="Assets\Textures\snow_02_translucent_4k.png">
      <Filter>Ressourcendateien</Filter>
    </Image>
    <Image Include="Assets\Textures\sky2.jpg">
      <Filter>Ressourcendateien</Filter>
    </Image>
    <Image Include="Assets\Textures\sky.jpg">
      <Filter>Ressourcendateien</Filter>
    </Image>
  </ItemGroup>
  <ItemGroup>
    <Text Include="CMakeLists.txt" />
  </ItemGroup>
</Project>